// !$*UTF8*$!
{
	archiveVersion = 1;
	classes = {
	};
	objectVersion = 46;
	objects = {

/* Begin PBXBuildFile section */
		C9DB08E81C60AA4500104227 /* main.m in Sources */ = {isa = PBXBuildFile; fileRef = C9DB08E71C60AA4500104227 /* main.m */; };
		C9DB08EB1C60AA4500104227 /* AppDelegate.m in Sources */ = {isa = PBXBuildFile; fileRef = C9DB08EA1C60AA4500104227 /* AppDelegate.m */; };
		C9DB08EE1C60AA4500104227 /* FirstViewController.m in Sources */ = {isa = PBXBuildFile; fileRef = C9DB08ED1C60AA4500104227 /* FirstViewController.m */; };
		C9DB08F11C60AA4500104227 /* SecondViewController.m in Sources */ = {isa = PBXBuildFile; fileRef = C9DB08F01C60AA4500104227 /* SecondViewController.m */; };
		C9DB08F41C60AA4500104227 /* Main.storyboard in Resources */ = {isa = PBXBuildFile; fileRef = C9DB08F21C60AA4500104227 /* Main.storyboard */; };
		C9DB08F61C60AA4500104227 /* Assets.xcassets in Resources */ = {isa = PBXBuildFile; fileRef = C9DB08F51C60AA4500104227 /* Assets.xcassets */; };
		C9DB08FF1C60AA6B00104227 /* CustormTabBarViewController.m in Sources */ = {isa = PBXBuildFile; fileRef = C9DB08FE1C60AA6B00104227 /* CustormTabBarViewController.m */; };
/* End PBXBuildFile section */

/* Begin PBXFileReference section */
		C9DB08E31C60AA4500104227 /* AutoShowWithTabBar.app */ = {isa = PBXFileReference; explicitFileType = wrapper.application; includeInIndex = 0; path = AutoShowWithTabBar.app; sourceTree = BUILT_PRODUCTS_DIR; };
		C9DB08E71C60AA4500104227 /* main.m */ = {isa = PBXFileReference; lastKnownFileType = sourcecode.c.objc; path = main.m; sourceTree = "<group>"; };
		C9DB08E91C60AA4500104227 /* AppDelegate.h */ = {isa = PBXFileReference; lastKnownFileType = sourcecode.c.h; path = AppDelegate.h; sourceTree = "<group>"; };
		C9DB08EA1C60AA4500104227 /* AppDelegate.m */ = {isa = PBXFileReference; lastKnownFileType = sourcecode.c.objc; path = AppDelegate.m; sourceTree = "<group>"; };
		C9DB08EC1C60AA4500104227 /* FirstViewController.h */ = {isa = PBXFileReference; lastKnownFileType = sourcecode.c.h; path = FirstViewController.h; sourceTree = "<group>"; };
		C9DB08ED1C60AA4500104227 /* FirstViewController.m */ = {isa = PBXFileReference; lastKnownFileType = sourcecode.c.objc; path = FirstViewController.m; sourceTree = "<group>"; };
		C9DB08EF1C60AA4500104227 /* SecondViewController.h */ = {isa = PBXFileReference; lastKnownFileType = sourcecode.c.h; path = SecondViewController.h; sourceTree = "<group>"; };
		C9DB08F01C60AA4500104227 /* SecondViewController.m */ = {isa = PBXFileReference; lastKnownFileType = sourcecode.c.objc; path = SecondViewController.m; sourceTree = "<group>"; };
		C9DB08F31C60AA4500104227 /* Base */ = {isa = PBXFileReference; lastKnownFileType = file.storyboard; name = Base; path = Base.lproj/Main.storyboard; sourceTree = "<group>"; };
		C9DB08F51C60AA4500104227 /* Assets.xcassets */ = {isa = PBXFileReference; lastKnownFileType = folder.assetcatalog; path = Assets.xcassets; sourceTree = "<group>"; };
		C9DB08F71C60AA4500104227 /* Info.plist */ = {isa = PBXFileReference; lastKnownFileType = text.plist.xml; path = Info.plist; sourceTree = "<group>"; };
		C9DB08FD1C60AA6B00104227 /* CustormTabBarViewController.h */ = {isa = PBXFileReference; fileEncoding = 4; lastKnownFileType = sourcecode.c.h; path = CustormTabBarViewController.h; sourceTree = "<group>"; };
		C9DB08FE1C60AA6B00104227 /* CustormTabBarViewController.m */ = {isa = PBXFileReference; fileEncoding = 4; lastKnownFileType = sourcecode.c.objc; path = CustormTabBarViewController.m; sourceTree = "<group>"; };
/* End PBXFileReference section */

/* Begin PBXFrameworksBuildPhase section */
		C9DB08E01C60AA4500104227 /* Frameworks */ = {
			isa = PBXFrameworksBuildPhase;
			buildActionMask = 2147483647;
			files = (
			);
			runOnlyForDeploymentPostprocessing = 0;
		};
/* End PBXFrameworksBuildPhase section */

/* Begin PBXGroup section */
		C9DB08DA1C60AA4500104227 = {
			isa = PBXGroup;
			children = (
				C9DB08E51C60AA4500104227 /* AutoShowWithTabBar */,
				C9DB08E41C60AA4500104227 /* Products */,
			);
			sourceTree = "<group>";
		};
		C9DB08E41C60AA4500104227 /* Products */ = {
			isa = PBXGroup;
			children = (
				C9DB08E31C60AA4500104227 /* AutoShowWithTabBar.app */,
			);
			name = Products;
			sourceTree = "<group>";
		};
		C9DB08E51C60AA4500104227 /* AutoShowWithTabBar */ = {
			isa = PBXGroup;
			children = (
				C9DB08E91C60AA4500104227 /* AppDelegate.h */,
				C9DB08EA1C60AA4500104227 /* AppDelegate.m */,
				C9DB08FD1C60AA6B00104227 /* CustormTabBarViewController.h */,
				C9DB08FE1C60AA6B00104227 /* CustormTabBarViewController.m */,
				C9DB08EC1C60AA4500104227 /* FirstViewController.h */,
				C9DB08ED1C60AA4500104227 /* FirstViewController.m */,
				C9DB08EF1C60AA4500104227 /* SecondViewController.h */,
				C9DB08F01C60AA4500104227 /* SecondViewController.m */,
				C9DB08F21C60AA4500104227 /* Main.storyboard */,
				C9DB08F51C60AA4500104227 /* Assets.xcassets */,
				C9DB08F71C60AA4500104227 /* Info.plist */,
				C9DB08E61C60AA4500104227 /* Supporting Files */,
			);
			path = AutoShowWithTabBar;
			sourceTree = "<group>";
		};
		C9DB08E61C60AA4500104227 /* Supporting Files */ = {
			isa = PBXGroup;
			children = (
				C9DB08E71C60AA4500104227 /* main.m */,
			);
			name = "Supporting Files";
			sourceTree = "<group>";
		};
/* End PBXGroup section */

/* Begin PBXNativeTarget section */
		C9DB08E21C60AA4500104227 /* AutoShowWithTabBar */ = {
			isa = PBXNativeTarget;
			buildConfigurationList = C9DB08FA1C60AA4500104227 /* Build configuration list for PBXNativeTarget "AutoShowWithTabBar" */;
			buildPhases = (
				C9DB08DF1C60AA4500104227 /* Sources */,
				C9DB08E01C60AA4500104227 /* Frameworks */,
				C9DB08E11C60AA4500104227 /* Resources */,
			);
			buildRules = (
			);
			dependencies = (
			);
			name = AutoShowWithTabBar;
			productName = AutoShowWithTabBar;
			productReference = C9DB08E31C60AA4500104227 /* AutoShowWithTabBar.app */;
			productType = "com.apple.product-type.application";
		};
/* End PBXNativeTarget section */

/* Begin PBXProject section */
		C9DB08DB1C60AA4500104227 /* Project object */ = {
			isa = PBXProject;
			attributes = {
				LastUpgradeCheck = 0730;
				ORGANIZATIONNAME = wayhood;
				TargetAttributes = {
					C9DB08E21C60AA4500104227 = {
						CreatedOnToolsVersion = 7.3;
					};
				};
			};
			buildConfigurationList = C9DB08DE1C60AA4500104227 /* Build configuration list for PBXProject "AutoShowWithTabBar" */;
			compatibilityVersion = "Xcode 3.2";
			developmentRegion = English;
			hasScannedForEncodings = 0;
			knownRegions = (
				en,
				Base,
			);
			mainGroup = C9DB08DA1C60AA4500104227;
			productRefGroup = C9DB08E41C60AA4500104227 /* Products */;
			projectDirPath = "";
			projectRoot = "";
			targets = (
				C9DB08E21C60AA4500104227 /* AutoShowWithTabBar */,
			);
		};
/* End PBXProject section */

/* Begin PBXResourcesBuildPhase section */
		C9DB08E11C60AA4500104227 /* Resources */ = {
			isa = PBXResourcesBuildPhase;
			buildActionMask = 2147483647;
			files = (
				C9DB08F61C60AA4500104227 /* Assets.xcassets in Resources */,
				C9DB08F41C60AA4500104227 /* Main.storyboard in Resources */,
			);
			runOnlyForDeploymentPostprocessing = 0;
		};
/* End PBXResourcesBuildPhase section */

/* Begin PBXSourcesBuildPhase section */
		C9DB08DF1C60AA4500104227 /* Sources */ = {
			isa = PBXSourcesBuildPhase;
			buildActionMask = 2147483647;
			files = (
				C9DB08F11C60AA4500104227 /* SecondViewController.m in Sources */,
				C9DB08EB1C60AA4500104227 /* AppDelegate.m in Sources */,
				C9DB08EE1C60AA4500104227 /* FirstViewController.m in Sources */,
				C9DB08FF1C60AA6B00104227 /* CustormTabBarViewController.m in Sources */,
				C9DB08E81C60AA4500104227 /* main.m in Sources */,
			);
			runOnlyForDeploymentPostprocessing = 0;
		};
/* End PBXSourcesBuildPhase section */

/* Begin PBXVariantGroup section */
		C9DB08F21C60AA4500104227 /* Main.storyboard */ = {
			isa = PBXVariantGroup;
			children = (
				C9DB08F31C60AA4500104227 /* Base */,
			);
			name = Main.storyboard;
			sourceTree = "<group>";
		};
/* End PBXVariantGroup section */

/* Begin XCBuildConfiguration section */
		C9DB08F81C60AA4500104227 /* Debug */ = {
			isa = XCBuildConfiguration;
			buildSettings = {
				ALWAYS_SEARCH_USER_PATHS = NO;
				CLANG_CXX_LANGUAGE_STANDARD = "gnu++0x";
				CLANG_CXX_LIBRARY = "libc++";
				CLANG_ENABLE_MODULES = YES;
				CLANG_ENABLE_OBJC_ARC = YES;
				CLANG_WARN_BOOL_CONVERSION = YES;
				CLANG_WARN_CONSTANT_CONVERSION = YES;
				CLANG_WARN_DIRECT_OBJC_ISA_USAGE = YES_ERROR;
				CLANG_WARN_EMPTY_BODY = YES;
				CLANG_WARN_ENUM_CONVERSION = YES;
				CLANG_WARN_INT_CONVERSION = YES;
				CLANG_WARN_OBJC_ROOT_CLASS = YES_ERROR;
				CLANG_WARN_UNREACHABLE_CODE = YES;
				CLANG_WARN__DUPLICATE_METHOD_MATCH = YES;
				COPY_PHASE_STRIP = NO;
				DEBUG_INFORMATION_FORMAT = dwarf;
				ENABLE_STRICT_OBJC_MSGSEND = YES;
				ENABLE_TESTABILITY = YES;
				GCC_C_LANGUAGE_STANDARD = gnu99;
				GCC_DYNAMIC_NO_PIC = NO;
				GCC_NO_COMMON_BLOCKS = YES;
				GCC_OPTIMIZATION_LEVEL = 0;
				GCC_PREPROCESSOR_DEFINITIONS = (
					"DEBUG=1",
					"$(inherited)",
				);
				GCC_WARN_64_TO_32_BIT_CONVERSION = YES;
				GCC_WARN_ABOUT_RETURN_TYPE = YES_ERROR;
				GCC_WARN_UNDECLARED_SELECTOR = YES;
				GCC_WARN_UNINITIALIZED_AUTOS = YES_AGGRESSIVE;
				GCC_WARN_UNUSED_FUNCTION = YES;
				GCC_WARN_UNUSED_VARIABLE = YES;
				MTL_ENABLE_DEBUG_INFO = YES;
				ONLY_ACTIVE_ARCH = YES;
				SDKROOT = appletvos;
				TARGETED_DEVICE_FAMILY = 3;
				TVOS_DEPLOYMENT_TARGET = 9.2;
			};
			name = Debug;
		};
		C9DB08F91C60AA4500104227 /* Release */ = {
			isa = XCBuildConfiguration;
			buildSettings = {
				ALWAYS_SEARCH_USER_PATHS = NO;
				CLANG_CXX_LANGUAGE_STANDARD = "gnu++0x";
				CLANG_CXX_LIBRARY = "libc++";
				CLANG_ENABLE_MODULES = YES;
				CLANG_ENABLE_OBJC_ARC = YES;
				CLANG_WARN_BOOL_CONVERSION = YES;
				CLANG_WARN_CONSTANT_CONVERSION = YES;
				CLANG_WARN_DIRECT_OBJC_ISA_USAGE = YES_ERROR;
				CLANG_WARN_EMPTY_BODY = YES;
				CLANG_WARN_ENUM_CONVERSION = YES;
				CLANG_WARN_INT_CONVERSION = YES;
				CLANG_WARN_OBJC_ROOT_CLASS = YES_ERROR;
				CLANG_WARN_UNREACHABLE_CODE = YES;
				CLANG_WARN__DUPLICATE_METHOD_MATCH = YES;
				COPY_PHASE_STRIP = NO;
				DEBUG_INFORMATION_FORMAT = "dwarf-with-dsym";
				ENABLE_NS_ASSERTIONS = NO;
				ENABLE_STRICT_OBJC_MSGSEND = YES;
				GCC_C_LANGUAGE_STANDARD = gnu99;
				GCC_NO_COMMON_BLOCKS = YES;
				GCC_WARN_64_TO_32_BIT_CONVERSION = YES;
				GCC_WARN_ABOUT_RETURN_TYPE = YES_ERROR;
				GCC_WARN_UNDECLARED_SELECTOR = YES;
				GCC_WARN_UNINITIALIZED_AUTOS = YES_AGGRESSIVE;
				GCC_WARN_UNUSED_FUNCTION = YES;
				GCC_WARN_UNUSED_VARIABLE = YES;
				MTL_ENABLE_DEBUG_INFO = NO;
				SDKROOT = appletvos;
				TARGETED_DEVICE_FAMILY = 3;
				TVOS_DEPLOYMENT_TARGET = 9.2;
				VALIDATE_PRODUCT = YES;
			};
			name = Release;
		};
		C9DB08FB1C60AA4500104227 /* Debug */ = {
			isa = XCBuildConfiguration;
			buildSettings = {
				ASSETCATALOG_COMPILER_APPICON_NAME = "App Icon & Top Shelf Image";
				ASSETCATALOG_COMPILER_LAUNCHIMAGE_NAME = LaunchImage;
				INFOPLIST_FILE = AutoShowWithTabBar/Info.plist;
				LD_RUNPATH_SEARCH_PATHS = "$(inherited) @executable_path/Frameworks";
				PRODUCT_BUNDLE_IDENTIFIER = net.wayhood.AutoShowWithTabBar;
				PRODUCT_NAME = "$(TARGET_NAME)";
			};
			name = Debug;
		};
		C9DB08FC1C60AA4500104227 /* Release */ = {
			isa = XCBuildConfiguration;
			buildSettings = {
				ASSETCATALOG_COMPILER_APPICON_NAME = "App Icon & Top Shelf Image";
				ASSETCATALOG_COMPILER_LAUNCHIMAGE_NAME = LaunchImage;
				INFOPLIST_FILE = AutoShowWithTabBar/Info.plist;
				LD_RUNPATH_SEARCH_PATHS = "$(inherited) @executable_path/Frameworks";
				PRODUCT_BUNDLE_IDENTIFIER = net.wayhood.AutoShowWithTabBar;
				PRODUCT_NAME = "$(TARGET_NAME)";
			};
			name = Release;
		};
/* End XCBuildConfiguration section */

/* Begin XCConfigurationList section */
		C9DB08DE1C60AA4500104227 /* Build configuration list for PBXProject "AutoShowWithTabBar" */ = {
			isa = XCConfigurationList;
			buildConfigurations = (
				C9DB08F81C60AA4500104227 /* Debug */,
				C9DB08F91C60AA4500104227 /* Release */,
			);
			defaultConfigurationIsVisible = 0;
			defaultConfigurationName = Release;
		};
		C9DB08FA1C60AA4500104227 /* Build configuration list for PBXNativeTarget "AutoShowWithTabBar" */ = {
			isa = XCConfigurationList;
			buildConfigurations = (
				C9DB08FB1C60AA4500104227 /* Debug */,
				C9DB08FC1C60AA4500104227 /* Release */,
			);
			defaultConfigurationIsVisible = 0;
		};
/* End XCConfigurationList section */
	};
	rootObject = C9DB08DB1C60AA4500104227 /* Project object */;
}
